Microsoft Visual Studio Solution File, Format Version 11.00
# Visual Studio 2008

Project("{E53131FC-103F-16DE-7EE9-4091A36632A4}") = "Flappy bird(old)", "Assembly-CSharp.csproj", "{414A6ADA-00DC-0309-ED3B-DD7ABD4C1FD9}"
EndProject
Global
	GlobalSection(SolutionConfigurationPlatforms) = preSolution
		Debug|Any CPU = Debug|Any CPU
		Release|Any CPU = Release|Any CPU
	EndGlobalSection
	GlobalSection(ProjectConfigurationPlatforms) = postSolution
		{414A6ADA-00DC-0309-ED3B-DD7ABD4C1FD9}.Debug|Any CPU.ActiveCfg = Debug|Any CPU
		{414A6ADA-00DC-0309-ED3B-DD7ABD4C1FD9}.Debug|Any CPU.Build.0 = Debug|Any CPU
		{414A6ADA-00DC-0309-ED3B-DD7ABD4C1FD9}.Release|Any CPU.ActiveCfg = Release|Any CPU
		{414A6ADA-00DC-0309-ED3B-DD7ABD4C1FD9}.Release|Any CPU.Build.0 = Release|Any CPU
	EndGlobalSection
	GlobalSection(SolutionProperties) = preSolution
		HideSolutionNode = FALSE
	EndGlobalSection
	GlobalSection(MonoDevelopProperties) = preSolution
		StartupItem = Assembly-CSharp.csproj
	EndGlobalSection
EndGlobal
